{
  "name": "vartiq-docs",
  "lockfileVersion": 3,
  "requires": true,
  "packages": {
    "": {
      "devDependencies": {
        "@mintlify/prettier-config": "^1.0.6",
        "@trivago/prettier-plugin-sort-imports": "^4.3.0",
        "prettier": "^3.5.3",
        "prettier-plugin-tailwindcss": "^0.5.14"
      }
    },
    "node_modules/@babel/code-frame": {
      "version": "7.27.1",
      "resolved": "https://registry.npmjs.org/@babel/code-frame/-/code-frame-7.27.1.tgz",
      "integrity": "sha512-cjQ7ZlQ0Mv3b47hABuTevyTuYN4i+loJKGeV9flcCgIK37cCXRh+L1bd3iBHlynerhQ7BhCkn2BPbQUL+rGqFg==",
      "dev": true,
      "license": "MIT",
      "dependencies": {
        "@babel/helper-validator-identifier": "^7.27.1",
        "js-tokens": "^4.0.0",
        "picocolors": "^1.1.1"
      },
      "engines": {
        "node": ">=6.9.0"
      }
    },
    "node_modules/@babel/generator": {
      "version": "7.17.7",
      "resolved": "https://registry.npmjs.org/@babel/generator/-/generator-7.17.7.tgz",
      "integrity": "sha512-oLcVCTeIFadUoArDTwpluncplrYBmTCCZZgXCbgNGvOBBiSDDK3eWO4b/+eOTli5tKv1lg+a5/NAXg+nTcei1w==",
      "dev": true,
      "license": "MIT",
      "dependencies": {
        "@babel/types": "^7.17.0",
        "jsesc": "^2.5.1",
        "source-map": "^0.5.0"
      },
      "engines": {
        "node": ">=6.9.0"
      }
    },
    "node_modules/@babel/helper-environment-visitor": {
      "version": "7.24.7",
      "resolved": "https://registry.npmjs.org/@babel/helper-environment-visitor/-/helper-environment-visitor-7.24.7.tgz",
      "integrity": "sha512-DoiN84+4Gnd0ncbBOM9AZENV4a5ZiL39HYMyZJGZ/AZEykHYdJw0wW3kdcsh9/Kn+BRXHLkkklZ51ecPKmI1CQ==",
      "dev": true,
      "license": "MIT",
      "dependencies": {
        "@babel/types": "^7.24.7"
      },
      "engines": {
        "node": ">=6.9.0"
      }
    },
    "node_modules/@babel/helper-environment-visitor/node_modules/@babel/types": {
      "version": "7.27.3",
      "resolved": "https://registry.npmjs.org/@babel/types/-/types-7.27.3.tgz",
      "integrity": "sha512-Y1GkI4ktrtvmawoSq+4FCVHNryea6uR+qUQy0AGxLSsjCX0nVmkYQMBLHDkXZuo5hGx7eYdnIaslsdBFm7zbUw==",
      "dev": true,
      "license": "MIT",
      "dependencies": {
        "@babel/helper-string-parser": "^7.27.1",
        "@babel/helper-validator-identifier": "^7.27.1"
      },
      "engines": {
        "node": ">=6.9.0"
      }
    },
    "node_modules/@babel/helper-function-name": {
      "version": "7.24.7",
      "resolved": "https://registry.npmjs.org/@babel/helper-function-name/-/helper-function-name-7.24.7.tgz",
      "integrity": "sha512-FyoJTsj/PEUWu1/TYRiXTIHc8lbw+TDYkZuoE43opPS5TrI7MyONBE1oNvfguEXAD9yhQRrVBnXdXzSLQl9XnA==",
      "dev": true,
      "license": "MIT",
      "dependencies": {
        "@babel/template": "^7.24.7",
        "@babel/types": "^7.24.7"
      },
      "engines": {
        "node": ">=6.9.0"
      }
    },
    "node_modules/@babel/helper-function-name/node_modules/@babel/types": {
      "version": "7.27.3",
      "resolved": "https://registry.npmjs.org/@babel/types/-/types-7.27.3.tgz",
      "integrity": "sha512-Y1GkI4ktrtvmawoSq+4FCVHNryea6uR+qUQy0AGxLSsjCX0nVmkYQMBLHDkXZuo5hGx7eYdnIaslsdBFm7zbUw==",
      "dev": true,
      "license": "MIT",
      "dependencies": {
        "@babel/helper-string-parser": "^7.27.1",
        "@babel/helper-validator-identifier": "^7.27.1"
      },
      "engines": {
        "node": ">=6.9.0"
      }
    },
    "node_modules/@babel/helper-hoist-variables": {
      "version": "7.24.7",
      "resolved": "https://registry.npmjs.org/@babel/helper-hoist-variables/-/helper-hoist-variables-7.24.7.tgz",
      "integrity": "sha512-MJJwhkoGy5c4ehfoRyrJ/owKeMl19U54h27YYftT0o2teQ3FJ3nQUf/I3LlJsX4l3qlw7WRXUmiyajvHXoTubQ==",
      "dev": true,
      "license": "MIT",
      "dependencies": {
        "@babel/types": "^7.24.7"
      },
      "engines": {
        "node": ">=6.9.0"
      }
    },
    "node_modules/@babel/helper-hoist-variables/node_modules/@babel/types": {
      "version": "7.27.3",
      "resolved": "https://registry.npmjs.org/@babel/types/-/types-7.27.3.tgz",
      "integrity": "sha512-Y1GkI4ktrtvmawoSq+4FCVHNryea6uR+qUQy0AGxLSsjCX0nVmkYQMBLHDkXZuo5hGx7eYdnIaslsdBFm7zbUw==",
      "dev": true,
      "license": "MIT",
      "dependencies": {
        "@babel/helper-string-parser": "^7.27.1",
        "@babel/helper-validator-identifier": "^7.27.1"
      },
      "engines": {
        "node": ">=6.9.0"
      }
    },
    "node_modules/@babel/helper-split-export-declaration": {
      "version": "7.24.7",
      "resolved": "https://registry.npmjs.org/@babel/helper-split-export-declaration/-/helper-split-export-declaration-7.24.7.tgz",
      "integrity": "sha512-oy5V7pD+UvfkEATUKvIjvIAH/xCzfsFVw7ygW2SI6NClZzquT+mwdTfgfdbUiceh6iQO0CHtCPsyze/MZ2YbAA==",
      "dev": true,
      "license": "MIT",
      "dependencies": {
        "@babel/types": "^7.24.7"
      },
      "engines": {
        "node": ">=6.9.0"
      }
    },
    "node_modules/@babel/helper-split-export-declaration/node_modules/@babel/types": {
      "version": "7.27.3",
      "resolved": "https://registry.npmjs.org/@babel/types/-/types-7.27.3.tgz",
      "integrity": "sha512-Y1GkI4ktrtvmawoSq+4FCVHNryea6uR+qUQy0AGxLSsjCX0nVmkYQMBLHDkXZuo5hGx7eYdnIaslsdBFm7zbUw==",
      "dev": true,
      "license": "MIT",
      "dependencies": {
        "@babel/helper-string-parser": "^7.27.1",
        "@babel/helper-validator-identifier": "^7.27.1"
      },
      "engines": {
        "node": ">=6.9.0"
      }
    },
    "node_modules/@babel/helper-string-parser": {
      "version": "7.27.1",
      "resolved": "https://registry.npmjs.org/@babel/helper-string-parser/-/helper-string-parser-7.27.1.tgz",
      "integrity": "sha512-qMlSxKbpRlAridDExk92nSobyDdpPijUq2DW6oDnUqd0iOGxmQjyqhMIihI9+zv4LPyZdRje2cavWPbCbWm3eA==",
      "dev": true,
      "license": "MIT",
      "engines": {
        "node": ">=6.9.0"
      }
    },
    "node_modules/@babel/helper-validator-identifier": {
      "version": "7.27.1",
      "resolved": "https://registry.npmjs.org/@babel/helper-validator-identifier/-/helper-validator-identifier-7.27.1.tgz",
      "integrity": "sha512-D2hP9eA+Sqx1kBZgzxZh0y1trbuU+JoDkiEwqhQ36nodYqJwyEIhPSdMNd7lOm/4io72luTPWH20Yda0xOuUow==",
      "dev": true,
      "license": "MIT",
      "engines": {
        "node": ">=6.9.0"
      }
    },
    "node_modules/@babel/parser": {
      "version": "7.27.4",
      "resolved": "https://registry.npmjs.org/@babel/parser/-/parser-7.27.4.tgz",
      "integrity": "sha512-BRmLHGwpUqLFR2jzx9orBuX/ABDkj2jLKOXrHDTN2aOKL+jFDDKaRNo9nyYsIl9h/UE/7lMKdDjKQQyxKKDZ7g==",
      "dev": true,
      "license": "MIT",
      "dependencies": {
        "@babel/types": "^7.27.3"
      },
      "bin": {
        "parser": "bin/babel-parser.js"
      },
      "engines": {
        "node": ">=6.0.0"
      }
    },
    "node_modules/@babel/parser/node_modules/@babel/types": {
      "version": "7.27.3",
      "resolved": "https://registry.npmjs.org/@babel/types/-/types-7.27.3.tgz",
      "integrity": "sha512-Y1GkI4ktrtvmawoSq+4FCVHNryea6uR+qUQy0AGxLSsjCX0nVmkYQMBLHDkXZuo5hGx7eYdnIaslsdBFm7zbUw==",
      "dev": true,
      "license": "MIT",
      "dependencies": {
        "@babel/helper-string-parser": "^7.27.1",
        "@babel/helper-validator-identifier": "^7.27.1"
      },
      "engines": {
        "node": ">=6.9.0"
      }
    },
    "node_modules/@babel/template": {
      "version": "7.27.2",
      "resolved": "https://registry.npmjs.org/@babel/template/-/template-7.27.2.tgz",
      "integrity": "sha512-LPDZ85aEJyYSd18/DkjNh4/y1ntkE5KwUHWTiqgRxruuZL2F1yuHligVHLvcHY2vMHXttKFpJn6LwfI7cw7ODw==",
      "dev": true,
      "license": "MIT",
      "dependencies": {
        "@babel/code-frame": "^7.27.1",
        "@babel/parser": "^7.27.2",
        "@babel/types": "^7.27.1"
      },
      "engines": {
        "node": ">=6.9.0"
      }
    },
    "node_modules/@babel/template/node_modules/@babel/types": {
      "version": "7.27.3",
      "resolved": "https://registry.npmjs.org/@babel/types/-/types-7.27.3.tgz",
      "integrity": "sha512-Y1GkI4ktrtvmawoSq+4FCVHNryea6uR+qUQy0AGxLSsjCX0nVmkYQMBLHDkXZuo5hGx7eYdnIaslsdBFm7zbUw==",
      "dev": true,
      "license": "MIT",
      "dependencies": {
        "@babel/helper-string-parser": "^7.27.1",
        "@babel/helper-validator-identifier": "^7.27.1"
      },
      "engines": {
        "node": ">=6.9.0"
      }
    },
    "node_modules/@babel/traverse": {
      "version": "7.23.2",
      "resolved": "https://registry.npmjs.org/@babel/traverse/-/traverse-7.23.2.tgz",
      "integrity": "sha512-azpe59SQ48qG6nu2CzcMLbxUudtN+dOM9kDbUqGq3HXUJRlo7i8fvPoxQUzYgLZ4cMVmuZgm8vvBpNeRhd6XSw==",
      "dev": true,
      "license": "MIT",
      "dependencies": {
        "@babel/code-frame": "^7.22.13",
        "@babel/generator": "^7.23.0",
        "@babel/helper-environment-visitor": "^7.22.20",
        "@babel/helper-function-name": "^7.23.0",
        "@babel/helper-hoist-variables": "^7.22.5",
        "@babel/helper-split-export-declaration": "^7.22.6",
        "@babel/parser": "^7.23.0",
        "@babel/types": "^7.23.0",
        "debug": "^4.1.0",
        "globals": "^11.1.0"
      },
      "engines": {
        "node": ">=6.9.0"
      }
    },
    "node_modules/@babel/traverse/node_modules/@babel/generator": {
      "version": "7.27.3",
      "resolved": "https://registry.npmjs.org/@babel/generator/-/generator-7.27.3.tgz",
      "integrity": "sha512-xnlJYj5zepml8NXtjkG0WquFUv8RskFqyFcVgTBp5k+NaA/8uw/K+OSVf8AMGw5e9HKP2ETd5xpK5MLZQD6b4Q==",
      "dev": true,
      "license": "MIT",
      "dependencies": {
        "@babel/parser": "^7.27.3",
        "@babel/types": "^7.27.3",
        "@jridgewell/gen-mapping": "^0.3.5",
        "@jridgewell/trace-mapping": "^0.3.25",
        "jsesc": "^3.0.2"
      },
      "engines": {
        "node": ">=6.9.0"
      }
    },
    "node_modules/@babel/traverse/node_modules/@babel/types": {
      "version": "7.27.3",
      "resolved": "https://registry.npmjs.org/@babel/types/-/types-7.27.3.tgz",
      "integrity": "sha512-Y1GkI4ktrtvmawoSq+4FCVHNryea6uR+qUQy0AGxLSsjCX0nVmkYQMBLHDkXZuo5hGx7eYdnIaslsdBFm7zbUw==",
      "dev": true,
      "license": "MIT",
      "dependencies": {
        "@babel/helper-string-parser": "^7.27.1",
        "@babel/helper-validator-identifier": "^7.27.1"
      },
      "engines": {
        "node": ">=6.9.0"
      }
    },
    "node_modules/@babel/traverse/node_modules/jsesc": {
      "version": "3.1.0",
      "resolved": "https://registry.npmjs.org/jsesc/-/jsesc-3.1.0.tgz",
      "integrity": "sha512-/sM3dO2FOzXjKQhJuo0Q173wf2KOo8t4I8vHy6lF9poUp7bKT0/NHE8fPX23PwfhnykfqnC2xRxOnVw5XuGIaA==",
      "dev": true,
      "license": "MIT",
      "bin": {
        "jsesc": "bin/jsesc"
      },
      "engines": {
        "node": ">=6"
      }
    },
    "node_modules/@babel/types": {
      "version": "7.17.0",
      "resolved": "https://registry.npmjs.org/@babel/types/-/types-7.17.0.tgz",
      "integrity": "sha512-TmKSNO4D5rzhL5bjWFcVHHLETzfQ/AmbKpKPOSjlP0WoHZ6L911fgoOKY4Alp/emzG4cHJdyN49zpgkbXFEHHw==",
      "dev": true,
      "license": "MIT",
      "dependencies": {
        "@babel/helper-validator-identifier": "^7.16.7",
        "to-fast-properties": "^2.0.0"
      },
      "engines": {
        "node": ">=6.9.0"
      }
    },
    "node_modules/@jridgewell/gen-mapping": {
      "version": "0.3.8",
      "resolved": "https://registry.npmjs.org/@jridgewell/gen-mapping/-/gen-mapping-0.3.8.tgz",
      "integrity": "sha512-imAbBGkb+ebQyxKgzv5Hu2nmROxoDOXHh80evxdoXNOrvAnVx7zimzc1Oo5h9RlfV4vPXaE2iM5pOFbvOCClWA==",
      "dev": true,
      "license": "MIT",
      "dependencies": {
        "@jridgewell/set-array": "^1.2.1",
        "@jridgewell/sourcemap-codec": "^1.4.10",
        "@jridgewell/trace-mapping": "^0.3.24"
      },
      "engines": {
        "node": ">=6.0.0"
      }
    },
    "node_modules/@jridgewell/resolve-uri": {
      "version": "3.1.2",
      "resolved": "https://registry.npmjs.org/@jridgewell/resolve-uri/-/resolve-uri-3.1.2.tgz",
      "integrity": "sha512-bRISgCIjP20/tbWSPWMEi54QVPRZExkuD9lJL+UIxUKtwVJA8wW1Trb1jMs1RFXo1CBTNZ/5hpC9QvmKWdopKw==",
      "dev": true,
      "license": "MIT",
      "engines": {
        "node": ">=6.0.0"
      }
    },
    "node_modules/@jridgewell/set-array": {
      "version": "1.2.1",
      "resolved": "https://registry.npmjs.org/@jridgewell/set-array/-/set-array-1.2.1.tgz",
      "integrity": "sha512-R8gLRTZeyp03ymzP/6Lil/28tGeGEzhx1q2k703KGWRAI1VdvPIXdG70VJc2pAMw3NA6JKL5hhFu1sJX0Mnn/A==",
      "dev": true,
      "license": "MIT",
      "engines": {
        "node": ">=6.0.0"
      }
    },
    "node_modules/@jridgewell/sourcemap-codec": {
      "version": "1.5.0",
      "resolved": "https://registry.npmjs.org/@jridgewell/sourcemap-codec/-/sourcemap-codec-1.5.0.tgz",
      "integrity": "sha512-gv3ZRaISU3fjPAgNsriBRqGWQL6quFx04YMPW/zD8XMLsU32mhCCbfbO6KZFLjvYpCZ8zyDEgqsgf+PwPaM7GQ==",
      "dev": true,
      "license": "MIT"
    },
    "node_modules/@jridgewell/trace-mapping": {
      "version": "0.3.25",
      "resolved": "https://registry.npmjs.org/@jridgewell/trace-mapping/-/trace-mapping-0.3.25.tgz",
      "integrity": "sha512-vNk6aEwybGtawWmy/PzwnGDOjCkLWSD2wqvjGGAgOAwCGWySYXfYoxt00IJkTF+8Lb57DwOb3Aa0o9CApepiYQ==",
      "dev": true,
      "license": "MIT",
      "dependencies": {
        "@jridgewell/resolve-uri": "^3.1.0",
        "@jridgewell/sourcemap-codec": "^1.4.14"
      }
    },
    "node_modules/@mintlify/prettier-config": {
      "version": "1.0.6",
      "resolved": "https://registry.npmjs.org/@mintlify/prettier-config/-/prettier-config-1.0.6.tgz",
      "integrity": "sha512-LGjeQ3cYr6kaO1xKosJWweQISfOI58eSqw47h7aN3L/ZJcm4goqR6I9iBcgkdwnZLjErB5G1rQ+OEByJdqqYEA==",
      "dev": true,
      "license": "MIT",
      "peerDependencies": {
        "@trivago/prettier-plugin-sort-imports": "^4.2.1",
        "prettier": "^3.0.3",
        "prettier-plugin-tailwindcss": "^0.5.11"
      }
    },
    "node_modules/@trivago/prettier-plugin-sort-imports": {
      "version": "4.3.0",
      "resolved": "https://registry.npmjs.org/@trivago/prettier-plugin-sort-imports/-/prettier-plugin-sort-imports-4.3.0.tgz",
      "integrity": "sha512-r3n0onD3BTOVUNPhR4lhVK4/pABGpbA7bW3eumZnYdKaHkf1qEC+Mag6DPbGNuuh0eG8AaYj+YqmVHSiGslaTQ==",
      "dev": true,
      "license": "Apache-2.0",
      "dependencies": {
        "@babel/generator": "7.17.7",
        "@babel/parser": "^7.20.5",
        "@babel/traverse": "7.23.2",
        "@babel/types": "7.17.0",
        "javascript-natural-sort": "0.7.1",
        "lodash": "^4.17.21"
      },
      "peerDependencies": {
        "@vue/compiler-sfc": "3.x",
        "prettier": "2.x - 3.x"
      },
      "peerDependenciesMeta": {
        "@vue/compiler-sfc": {
          "optional": true
        }
      }
    },
    "node_modules/debug": {
      "version": "4.4.1",
      "resolved": "https://registry.npmjs.org/debug/-/debug-4.4.1.tgz",
      "integrity": "sha512-KcKCqiftBJcZr++7ykoDIEwSa3XWowTfNPo92BYxjXiyYEVrUQh2aLyhxBCwww+heortUFxEJYcRzosstTEBYQ==",
      "dev": true,
      "license": "MIT",
      "dependencies": {
        "ms": "^2.1.3"
      },
      "engines": {
        "node": ">=6.0"
      },
      "peerDependenciesMeta": {
        "supports-color": {
          "optional": true
        }
      }
    },
    "node_modules/globals": {
      "version": "11.12.0",
      "resolved": "https://registry.npmjs.org/globals/-/globals-11.12.0.tgz",
      "integrity": "sha512-WOBp/EEGUiIsJSp7wcv/y6MO+lV9UoncWqxuFfm8eBwzWNgyfBd6Gz+IeKQ9jCmyhoH99g15M3T+QaVHFjizVA==",
      "dev": true,
      "license": "MIT",
      "engines": {
        "node": ">=4"
      }
    },
    "node_modules/javascript-natural-sort": {
      "version": "0.7.1",
      "resolved": "https://registry.npmjs.org/javascript-natural-sort/-/javascript-natural-sort-0.7.1.tgz",
      "integrity": "sha512-nO6jcEfZWQXDhOiBtG2KvKyEptz7RVbpGP4vTD2hLBdmNQSsCiicO2Ioinv6UI4y9ukqnBpy+XZ9H6uLNgJTlw==",
      "dev": true,
      "license": "MIT"
    },
    "node_modules/js-tokens": {
      "version": "4.0.0",
      "resolved": "https://registry.npmjs.org/js-tokens/-/js-tokens-4.0.0.tgz",
      "integrity": "sha512-RdJUflcE3cUzKiMqQgsCu06FPu9UdIJO0beYbPhHN4k6apgJtifcoCtT9bcxOpYBtpD2kCM6Sbzg4CausW/PKQ==",
      "dev": true,
      "license": "MIT"
    },
    "node_modules/jsesc": {
      "version": "2.5.2",
      "resolved": "https://registry.npmjs.org/jsesc/-/jsesc-2.5.2.tgz",
      "integrity": "sha512-OYu7XEzjkCQ3C5Ps3QIZsQfNpqoJyZZA99wd9aWd05NCtC5pWOkShK2mkL6HXQR6/Cy2lbNdPlZBpuQHXE63gA==",
      "dev": true,
      "license": "MIT",
      "bin": {
        "jsesc": "bin/jsesc"
      },
      "engines": {
        "node": ">=4"
      }
    },
    "node_modules/lodash": {
      "version": "4.17.21",
      "resolved": "https://registry.npmjs.org/lodash/-/lodash-4.17.21.tgz",
      "integrity": "sha512-v2kDEe57lecTulaDIuNTPy3Ry4gLGJ6Z1O3vE1krgXZNrsQ+LFTGHVxVjcXPs17LhbZVGedAJv8XZ1tvj5FvSg==",
      "dev": true,
      "license": "MIT"
    },
    "node_modules/ms": {
      "version": "2.1.3",
      "resolved": "https://registry.npmjs.org/ms/-/ms-2.1.3.tgz",
      "integrity": "sha512-6FlzubTLZG3J2a/NVCAleEhjzq5oxgHyaCU9yYXvcLsvoVaHJq/s5xXI6/XXP6tz7R9xAOtHnSO/tXtF3WRTlA==",
      "dev": true,
      "license": "MIT"
    },
    "node_modules/picocolors": {
      "version": "1.1.1",
      "resolved": "https://registry.npmjs.org/picocolors/-/picocolors-1.1.1.tgz",
      "integrity": "sha512-xceH2snhtb5M9liqDsmEw56le376mTZkEX/jEb/RxNFyegNul7eNslCXP9FDj/Lcu0X8KEyMceP2ntpaHrDEVA==",
      "dev": true,
      "license": "ISC"
    },
    "node_modules/prettier": {
      "version": "3.5.3",
      "resolved": "https://registry.npmjs.org/prettier/-/prettier-3.5.3.tgz",
      "integrity": "sha512-QQtaxnoDJeAkDvDKWCLiwIXkTgRhwYDEQCghU9Z6q03iyek/rxRh/2lC3HB7P8sWT2xC/y5JDctPLBIGzHKbhw==",
      "dev": true,
      "license": "MIT",
      "bin": {
        "prettier": "bin/prettier.cjs"
      },
      "engines": {
        "node": ">=14"
      },
      "funding": {
        "url": "https://github.com/prettier/prettier?sponsor=1"
      }
    },
    "node_modules/prettier-plugin-tailwindcss": {
      "version": "0.5.14",
      "resolved": "https://registry.npmjs.org/prettier-plugin-tailwindcss/-/prettier-plugin-tailwindcss-0.5.14.tgz",
      "integrity": "sha512-Puaz+wPUAhFp8Lo9HuciYKM2Y2XExESjeT+9NQoVFXZsPPnc9VYss2SpxdQ6vbatmt8/4+SN0oe0I1cPDABg9Q==",
      "dev": true,
      "license": "MIT",
      "engines": {
        "node": ">=14.21.3"
      },
      "peerDependencies": {
        "@ianvs/prettier-plugin-sort-imports": "*",
        "@prettier/plugin-pug": "*",
        "@shopify/prettier-plugin-liquid": "*",
        "@trivago/prettier-plugin-sort-imports": "*",
        "@zackad/prettier-plugin-twig-melody": "*",
        "prettier": "^3.0",
        "prettier-plugin-astro": "*",
        "prettier-plugin-css-order": "*",
        "prettier-plugin-import-sort": "*",
        "prettier-plugin-jsdoc": "*",
        "prettier-plugin-marko": "*",
        "prettier-plugin-organize-attributes": "*",
        "prettier-plugin-organize-imports": "*",
        "prettier-plugin-sort-imports": "*",
        "prettier-plugin-style-order": "*",
        "prettier-plugin-svelte": "*"
      },
      "peerDependenciesMeta": {
        "@ianvs/prettier-plugin-sort-imports": {
          "optional": true
        },
        "@prettier/plugin-pug": {
          "optional": true
        },
        "@shopify/prettier-plugin-liquid": {
          "optional": true
        },
        "@trivago/prettier-plugin-sort-imports": {
          "optional": true
        },
        "@zackad/prettier-plugin-twig-melody": {
          "optional": true
        },
        "prettier-plugin-astro": {
          "optional": true
        },
        "prettier-plugin-css-order": {
          "optional": true
        },
        "prettier-plugin-import-sort": {
          "optional": true
        },
        "prettier-plugin-jsdoc": {
          "optional": true
        },
        "prettier-plugin-marko": {
          "optional": true
        },
        "prettier-plugin-organize-attributes": {
          "optional": true
        },
        "prettier-plugin-organize-imports": {
          "optional": true
        },
        "prettier-plugin-sort-imports": {
          "optional": true
        },
        "prettier-plugin-style-order": {
          "optional": true
        },
        "prettier-plugin-svelte": {
          "optional": true
        }
      }
    },
    "node_modules/source-map": {
      "version": "0.5.7",
      "resolved": "https://registry.npmjs.org/source-map/-/source-map-0.5.7.tgz",
      "integrity": "sha512-LbrmJOMUSdEVxIKvdcJzQC+nQhe8FUZQTXQy6+I75skNgn3OoQ0DZA8YnFa7gp8tqtL3KPf1kmo0R5DoApeSGQ==",
      "dev": true,
      "license": "BSD-3-Clause",
      "engines": {
        "node": ">=0.10.0"
      }
    },
    "node_modules/to-fast-properties": {
      "version": "2.0.0",
      "resolved": "https://registry.npmjs.org/to-fast-properties/-/to-fast-properties-2.0.0.tgz",
      "integrity": "sha512-/OaKK0xYrs3DmxRYqL/yDc+FxFUVYhDlXMhRmv3z915w2HF1tnN1omB354j8VUGO/hbRzyD6Y3sA7v7GS/ceog==",
      "dev": true,
      "license": "MIT",
      "engines": {
        "node": ">=4"
      }
    }
  }
}
